
Microsoft Visual Studio Solution File, Format Version 12.00
# Visual Studio Version 16
VisualStudioVersion = 16.0.31410.357
MinimumVisualStudioVersion = 10.0.40219.1
Project("{9A19103F-16F7-4668-BE54-9A1E7A4F7556}") = "CalculatorCore", "CalculatorCore\CalculatorCore.csproj", "{810DDEBD-C1E6-49D3-9A85-FAA365190E08}"
EndProject
Project("{9A19103F-16F7-4668-BE54-9A1E7A4F7556}") = "CalculatorCore.Tests", "CalculatorCore.Tests\CalculatorCore.Tests.csproj", "{E5A9903B-AAD4-4450-99CA-7663A23F4F01}"
EndProject
Project("{9A19103F-16F7-4668-BE54-9A1E7A4F7556}") = "FancyCalculator", "FancyCalculator\FancyCalculator.csproj", "{32AEA400-87FB-443F-83D0-83FBBA055413}"
EndProject
Project("{9A19103F-16F7-4668-BE54-9A1E7A4F7556}") = "TestableCalculatorRunner", "TestableCalculatorRunner\TestableCalculatorRunner.csproj", "{99773EAE-9F92-4EF8-9F93-CB29D539356F}"
EndProject
Global
	GlobalSection(SolutionConfigurationPlatforms) = preSolution
		Debug|Any CPU = Debug|Any CPU
		Release|Any CPU = Release|Any CPU
	EndGlobalSection
	GlobalSection(ProjectConfigurationPlatforms) = postSolution
		{810DDEBD-C1E6-49D3-9A85-FAA365190E08}.Debug|Any CPU.ActiveCfg = Debug|Any CPU
		{810DDEBD-C1E6-49D3-9A85-FAA365190E08}.Debug|Any CPU.Build.0 = Debug|Any CPU
		{810DDEBD-C1E6-49D3-9A85-FAA365190E08}.Release|Any CPU.ActiveCfg = Release|Any CPU
		{810DDEBD-C1E6-49D3-9A85-FAA365190E08}.Release|Any CPU.Build.0 = Release|Any CPU
		{E5A9903B-AAD4-4450-99CA-7663A23F4F01}.Debug|Any CPU.ActiveCfg = Debug|Any CPU
		{E5A9903B-AAD4-4450-99CA-7663A23F4F01}.Debug|Any CPU.Build.0 = Debug|Any CPU
		{E5A9903B-AAD4-4450-99CA-7663A23F4F01}.Release|Any CPU.ActiveCfg = Release|Any CPU
		{E5A9903B-AAD4-4450-99CA-7663A23F4F01}.Release|Any CPU.Build.0 = Release|Any CPU
		{32AEA400-87FB-443F-83D0-83FBBA055413}.Debug|Any CPU.ActiveCfg = Debug|Any CPU
		{32AEA400-87FB-443F-83D0-83FBBA055413}.Debug|Any CPU.Build.0 = Debug|Any CPU
		{32AEA400-87FB-443F-83D0-83FBBA055413}.Release|Any CPU.ActiveCfg = Release|Any CPU
		{32AEA400-87FB-443F-83D0-83FBBA055413}.Release|Any CPU.Build.0 = Release|Any CPU
		{99773EAE-9F92-4EF8-9F93-CB29D539356F}.Debug|Any CPU.ActiveCfg = Debug|Any CPU
		{99773EAE-9F92-4EF8-9F93-CB29D539356F}.Debug|Any CPU.Build.0 = Debug|Any CPU
		{99773EAE-9F92-4EF8-9F93-CB29D539356F}.Release|Any CPU.ActiveCfg = Release|Any CPU
		{99773EAE-9F92-4EF8-9F93-CB29D539356F}.Release|Any CPU.Build.0 = Release|Any CPU
	EndGlobalSection
	GlobalSection(SolutionProperties) = preSolution
		HideSolutionNode = FALSE
	EndGlobalSection
	GlobalSection(ExtensibilityGlobals) = postSolution
		SolutionGuid = {96C88434-7AAB-4034-ABF2-D4BD783BE7AE}
	EndGlobalSection
EndGlobal
